// !$*UTF8*$!
{
	archiveVersion = 1;
	classes = {
	};
	objectVersion = 56;
	objects = {

/* Begin PBXBuildFile section */
		6AB16397896364531ADD23C5 /* Pods_MQTTClient.framework in Frameworks */ = {isa = PBXBuildFile; fileRef = 31CB2B89AB33E076B38BB523 /* Pods_MQTTClient.framework */; };
		A051379329AFB73600BE9A5E /* AppDelegate.swift in Sources */ = {isa = PBXBuildFile; fileRef = A051379229AFB73600BE9A5E /* AppDelegate.swift */; };
		A051379529AFB73600BE9A5E /* SceneDelegate.swift in Sources */ = {isa = PBXBuildFile; fileRef = A051379429AFB73600BE9A5E /* SceneDelegate.swift */; };
		A051379729AFB73600BE9A5E /* ViewController.swift in Sources */ = {isa = PBXBuildFile; fileRef = A051379629AFB73600BE9A5E /* ViewController.swift */; };
		A051379C29AFB73700BE9A5E /* Assets.xcassets in Resources */ = {isa = PBXBuildFile; fileRef = A051379B29AFB73700BE9A5E /* Assets.xcassets */; };
		A051379F29AFB73700BE9A5E /* LaunchScreen.storyboard in Resources */ = {isa = PBXBuildFile; fileRef = A051379D29AFB73700BE9A5E /* LaunchScreen.storyboard */; };
		A05137A829AFD06300BE9A5E /* PinLayout in Frameworks */ = {isa = PBXBuildFile; productRef = A05137A729AFD06300BE9A5E /* PinLayout */; };
		A0645AF329C24F67008AE64F /* Presenter.swift in Sources */ = {isa = PBXBuildFile; fileRef = A0645AF229C24F67008AE64F /* Presenter.swift */; };
		A0645AF529C24F71008AE64F /* Model.swift in Sources */ = {isa = PBXBuildFile; fileRef = A0645AF429C24F71008AE64F /* Model.swift */; };
		A0645B3A29C7A9DE008AE64F /* Extensions.swift in Sources */ = {isa = PBXBuildFile; fileRef = A0645B3929C7A9DE008AE64F /* Extensions.swift */; };
		A0F1283D29B3D71D00ADD57A /* MqttManager.swift in Sources */ = {isa = PBXBuildFile; fileRef = A0F1283C29B3D71D00ADD57A /* MqttManager.swift */; };
/* End PBXBuildFile section */

/* Begin PBXFileReference section */
		31CB2B89AB33E076B38BB523 /* Pods_MQTTClient.framework */ = {isa = PBXFileReference; explicitFileType = wrapper.framework; includeInIndex = 0; path = Pods_MQTTClient.framework; sourceTree = BUILT_PRODUCTS_DIR; };
		4E3E9B519B63273664EF9884 /* Pods-MQTTClient.debug.xcconfig */ = {isa = PBXFileReference; includeInIndex = 1; lastKnownFileType = text.xcconfig; name = "Pods-MQTTClient.debug.xcconfig"; path = "Target Support Files/Pods-MQTTClient/Pods-MQTTClient.debug.xcconfig"; sourceTree = "<group>"; };
		A051378F29AFB73600BE9A5E /* MQTTClient.app */ = {isa = PBXFileReference; explicitFileType = wrapper.application; includeInIndex = 0; path = MQTTClient.app; sourceTree = BUILT_PRODUCTS_DIR; };
		A051379229AFB73600BE9A5E /* AppDelegate.swift */ = {isa = PBXFileReference; lastKnownFileType = sourcecode.swift; path = AppDelegate.swift; sourceTree = "<group>"; };
		A051379429AFB73600BE9A5E /* SceneDelegate.swift */ = {isa = PBXFileReference; lastKnownFileType = sourcecode.swift; path = SceneDelegate.swift; sourceTree = "<group>"; };
		A051379629AFB73600BE9A5E /* ViewController.swift */ = {isa = PBXFileReference; lastKnownFileType = sourcecode.swift; path = ViewController.swift; sourceTree = "<group>"; };
		A051379B29AFB73700BE9A5E /* Assets.xcassets */ = {isa = PBXFileReference; lastKnownFileType = folder.assetcatalog; path = Assets.xcassets; sourceTree = "<group>"; };
		A051379E29AFB73700BE9A5E /* Base */ = {isa = PBXFileReference; lastKnownFileType = file.storyboard; name = Base; path = Base.lproj/LaunchScreen.storyboard; sourceTree = "<group>"; };
		A05137A029AFB73700BE9A5E /* Info.plist */ = {isa = PBXFileReference; lastKnownFileType = text.plist.xml; path = Info.plist; sourceTree = "<group>"; };
		A0645AF229C24F67008AE64F /* Presenter.swift */ = {isa = PBXFileReference; lastKnownFileType = sourcecode.swift; path = Presenter.swift; sourceTree = "<group>"; };
		A0645AF429C24F71008AE64F /* Model.swift */ = {isa = PBXFileReference; lastKnownFileType = sourcecode.swift; path = Model.swift; sourceTree = "<group>"; };
		A0645B3929C7A9DE008AE64F /* Extensions.swift */ = {isa = PBXFileReference; lastKnownFileType = sourcecode.swift; path = Extensions.swift; sourceTree = "<group>"; };
		A0F1283C29B3D71D00ADD57A /* MqttManager.swift */ = {isa = PBXFileReference; lastKnownFileType = sourcecode.swift; path = MqttManager.swift; sourceTree = "<group>"; };
		EBAD8DC3BAF64870EA648F03 /* Pods-MQTTClient.release.xcconfig */ = {isa = PBXFileReference; includeInIndex = 1; lastKnownFileType = text.xcconfig; name = "Pods-MQTTClient.release.xcconfig"; path = "Target Support Files/Pods-MQTTClient/Pods-MQTTClient.release.xcconfig"; sourceTree = "<group>"; };
/* End PBXFileReference section */

/* Begin PBXFrameworksBuildPhase section */
		A051378C29AFB73600BE9A5E /* Frameworks */ = {
			isa = PBXFrameworksBuildPhase;
			buildActionMask = 2147483647;
			files = (
				A05137A829AFD06300BE9A5E /* PinLayout in Frameworks */,
				6AB16397896364531ADD23C5 /* Pods_MQTTClient.framework in Frameworks */,
			);
			runOnlyForDeploymentPostprocessing = 0;
		};
/* End PBXFrameworksBuildPhase section */

/* Begin PBXGroup section */
		2069D033B9ACF49D581DE7F4 /* Pods */ = {
			isa = PBXGroup;
			children = (
				4E3E9B519B63273664EF9884 /* Pods-MQTTClient.debug.xcconfig */,
				EBAD8DC3BAF64870EA648F03 /* Pods-MQTTClient.release.xcconfig */,
			);
			path = Pods;
			sourceTree = "<group>";
		};
		A051378629AFB73600BE9A5E = {
			isa = PBXGroup;
			children = (
				A051379129AFB73600BE9A5E /* MQTTClient */,
				A051379029AFB73600BE9A5E /* Products */,
				2069D033B9ACF49D581DE7F4 /* Pods */,
				F837AEFE2D0675A77C42F7FE /* Frameworks */,
			);
			sourceTree = "<group>";
		};
		A051379029AFB73600BE9A5E /* Products */ = {
			isa = PBXGroup;
			children = (
				A051378F29AFB73600BE9A5E /* MQTTClient.app */,
			);
			name = Products;
			sourceTree = "<group>";
		};
		A051379129AFB73600BE9A5E /* MQTTClient */ = {
			isa = PBXGroup;
			children = (
				A051379229AFB73600BE9A5E /* AppDelegate.swift */,
				A051379429AFB73600BE9A5E /* SceneDelegate.swift */,
				A051379629AFB73600BE9A5E /* ViewController.swift */,
				A051379B29AFB73700BE9A5E /* Assets.xcassets */,
				A051379D29AFB73700BE9A5E /* LaunchScreen.storyboard */,
				A05137A029AFB73700BE9A5E /* Info.plist */,
				A0F1283C29B3D71D00ADD57A /* MqttManager.swift */,
				A0645AF229C24F67008AE64F /* Presenter.swift */,
				A0645AF429C24F71008AE64F /* Model.swift */,
				A0645B3929C7A9DE008AE64F /* Extensions.swift */,
			);
			path = MQTTClient;
			sourceTree = "<group>";
		};
		F837AEFE2D0675A77C42F7FE /* Frameworks */ = {
			isa = PBXGroup;
			children = (
				31CB2B89AB33E076B38BB523 /* Pods_MQTTClient.framework */,
			);
			name = Frameworks;
			sourceTree = "<group>";
		};
/* End PBXGroup section */

/* Begin PBXNativeTarget section */
		A051378E29AFB73600BE9A5E /* MQTTClient */ = {
			isa = PBXNativeTarget;
			buildConfigurationList = A05137A329AFB73700BE9A5E /* Build configuration list for PBXNativeTarget "MQTTClient" */;
			buildPhases = (
				DFBC07EFAE2033BB5D2B94B1 /* [CP] Check Pods Manifest.lock */,
				A051378B29AFB73600BE9A5E /* Sources */,
				A051378C29AFB73600BE9A5E /* Frameworks */,
				A051378D29AFB73600BE9A5E /* Resources */,
				329A33010E86125BF753BE67 /* [CP] Embed Pods Frameworks */,
			);
			buildRules = (
			);
			dependencies = (
			);
			name = MQTTClient;
			packageProductDependencies = (
				A05137A729AFD06300BE9A5E /* PinLayout */,
			);
			productName = MQTTClient;
			productReference = A051378F29AFB73600BE9A5E /* MQTTClient.app */;
			productType = "com.apple.product-type.application";
		};
/* End PBXNativeTarget section */

/* Begin PBXProject section */
		A051378729AFB73600BE9A5E /* Project object */ = {
			isa = PBXProject;
			attributes = {
				BuildIndependentTargetsInParallel = 1;
				LastSwiftUpdateCheck = 1420;
				LastUpgradeCheck = 1420;
				TargetAttributes = {
					A051378E29AFB73600BE9A5E = {
						CreatedOnToolsVersion = 14.2;
					};
				};
			};
			buildConfigurationList = A051378A29AFB73600BE9A5E /* Build configuration list for PBXProject "MQTTClient" */;
			compatibilityVersion = "Xcode 14.0";
			developmentRegion = en;
			hasScannedForEncodings = 0;
			knownRegions = (
				en,
				Base,
			);
			mainGroup = A051378629AFB73600BE9A5E;
			packageReferences = (
				A05137A629AFD06300BE9A5E /* XCRemoteSwiftPackageReference "PinLayout" */,
			);
			productRefGroup = A051379029AFB73600BE9A5E /* Products */;
			projectDirPath = "";
			projectRoot = "";
			targets = (
				A051378E29AFB73600BE9A5E /* MQTTClient */,
			);
		};
/* End PBXProject section */

/* Begin PBXResourcesBuildPhase section */
		A051378D29AFB73600BE9A5E /* Resources */ = {
			isa = PBXResourcesBuildPhase;
			buildActionMask = 2147483647;
			files = (
				A051379F29AFB73700BE9A5E /* LaunchScreen.storyboard in Resources */,
				A051379C29AFB73700BE9A5E /* Assets.xcassets in Resources */,
			);
			runOnlyForDeploymentPostprocessing = 0;
		};
/* End PBXResourcesBuildPhase section */

/* Begin PBXShellScriptBuildPhase section */
		329A33010E86125BF753BE67 /* [CP] Embed Pods Frameworks */ = {
			isa = PBXShellScriptBuildPhase;
			buildActionMask = 2147483647;
			files = (
			);
			inputFileListPaths = (
				"${PODS_ROOT}/Target Support Files/Pods-MQTTClient/Pods-MQTTClient-frameworks-${CONFIGURATION}-input-files.xcfilelist",
			);
			name = "[CP] Embed Pods Frameworks";
			outputFileListPaths = (
				"${PODS_ROOT}/Target Support Files/Pods-MQTTClient/Pods-MQTTClient-frameworks-${CONFIGURATION}-output-files.xcfilelist",
			);
			runOnlyForDeploymentPostprocessing = 0;
			shellPath = /bin/sh;
			shellScript = "\"${PODS_ROOT}/Target Support Files/Pods-MQTTClient/Pods-MQTTClient-frameworks.sh\"\n";
			showEnvVarsInLog = 0;
		};
		DFBC07EFAE2033BB5D2B94B1 /* [CP] Check Pods Manifest.lock */ = {
			isa = PBXShellScriptBuildPhase;
			buildActionMask = 2147483647;
			files = (
			);
			inputFileListPaths = (
			);
			inputPaths = (
				"${PODS_PODFILE_DIR_PATH}/Podfile.lock",
				"${PODS_ROOT}/Manifest.lock",
			);
			name = "[CP] Check Pods Manifest.lock";
			outputFileListPaths = (
			);
			outputPaths = (
				"$(DERIVED_FILE_DIR)/Pods-MQTTClient-checkManifestLockResult.txt",
			);
			runOnlyForDeploymentPostprocessing = 0;
			shellPath = /bin/sh;
			shellScript = "diff \"${PODS_PODFILE_DIR_PATH}/Podfile.lock\" \"${PODS_ROOT}/Manifest.lock\" > /dev/null\nif [ $? != 0 ] ; then\n    # print error to STDERR\n    echo \"error: The sandbox is not in sync with the Podfile.lock. Run 'pod install' or update your CocoaPods installation.\" >&2\n    exit 1\nfi\n# This output is used by Xcode 'outputs' to avoid re-running this script phase.\necho \"SUCCESS\" > \"${SCRIPT_OUTPUT_FILE_0}\"\n";
			showEnvVarsInLog = 0;
		};
/* End PBXShellScriptBuildPhase section */

/* Begin PBXSourcesBuildPhase section */
		A051378B29AFB73600BE9A5E /* Sources */ = {
			isa = PBXSourcesBuildPhase;
			buildActionMask = 2147483647;
			files = (
				A0645AF529C24F71008AE64F /* Model.swift in Sources */,
				A0645AF329C24F67008AE64F /* Presenter.swift in Sources */,
				A051379729AFB73600BE9A5E /* ViewController.swift in Sources */,
				A0F1283D29B3D71D00ADD57A /* MqttManager.swift in Sources */,
				A051379329AFB73600BE9A5E /* AppDelegate.swift in Sources */,
				A051379529AFB73600BE9A5E /* SceneDelegate.swift in Sources */,
				A0645B3A29C7A9DE008AE64F /* Extensions.swift in Sources */,
			);
			runOnlyForDeploymentPostprocessing = 0;
		};
/* End PBXSourcesBuildPhase section */

/* Begin PBXVariantGroup section */
		A051379D29AFB73700BE9A5E /* LaunchScreen.storyboard */ = {
			isa = PBXVariantGroup;
			children = (
				A051379E29AFB73700BE9A5E /* Base */,
			);
			name = LaunchScreen.storyboard;
			sourceTree = "<group>";
		};
/* End PBXVariantGroup section */

/* Begin XCBuildConfiguration section */
		A05137A129AFB73700BE9A5E /* Debug */ = {
			isa = XCBuildConfiguration;
			buildSettings = {
				ALWAYS_SEARCH_USER_PATHS = NO;
				CLANG_ANALYZER_NONNULL = YES;
				CLANG_ANALYZER_NUMBER_OBJECT_CONVERSION = YES_AGGRESSIVE;
				CLANG_CXX_LANGUAGE_STANDARD = "gnu++20";
				CLANG_ENABLE_MODULES = YES;
				CLANG_ENABLE_OBJC_ARC = YES;
				CLANG_ENABLE_OBJC_WEAK = YES;
				CLANG_WARN_BLOCK_CAPTURE_AUTORELEASING = YES;
				CLANG_WARN_BOOL_CONVERSION = YES;
				CLANG_WARN_COMMA = YES;
				CLANG_WARN_CONSTANT_CONVERSION = YES;
				CLANG_WARN_DEPRECATED_OBJC_IMPLEMENTATIONS = YES;
				CLANG_WARN_DIRECT_OBJC_ISA_USAGE = YES_ERROR;
				CLANG_WARN_DOCUMENTATION_COMMENTS = YES;
				CLANG_WARN_EMPTY_BODY = YES;
				CLANG_WARN_ENUM_CONVERSION = YES;
				CLANG_WARN_INFINITE_RECURSION = YES;
				CLANG_WARN_INT_CONVERSION = YES;
				CLANG_WARN_NON_LITERAL_NULL_CONVERSION = YES;
				CLANG_WARN_OBJC_IMPLICIT_RETAIN_SELF = YES;
				CLANG_WARN_OBJC_LITERAL_CONVERSION = YES;
				CLANG_WARN_OBJC_ROOT_CLASS = YES_ERROR;
				CLANG_WARN_QUOTED_INCLUDE_IN_FRAMEWORK_HEADER = YES;
				CLANG_WARN_RANGE_LOOP_ANALYSIS = YES;
				CLANG_WARN_STRICT_PROTOTYPES = YES;
				CLANG_WARN_SUSPICIOUS_MOVE = YES;
				CLANG_WARN_UNGUARDED_AVAILABILITY = YES_AGGRESSIVE;
				CLANG_WARN_UNREACHABLE_CODE = YES;
				CLANG_WARN__DUPLICATE_METHOD_MATCH = YES;
				COPY_PHASE_STRIP = NO;
				DEBUG_INFORMATION_FORMAT = dwarf;
				ENABLE_STRICT_OBJC_MSGSEND = YES;
				ENABLE_TESTABILITY = YES;
				GCC_C_LANGUAGE_STANDARD = gnu11;
				GCC_DYNAMIC_NO_PIC = NO;
				GCC_NO_COMMON_BLOCKS = YES;
				GCC_OPTIMIZATION_LEVEL = 0;
				GCC_PREPROCESSOR_DEFINITIONS = (
					"DEBUG=1",
					"$(inherited)",
				);
				GCC_WARN_64_TO_32_BIT_CONVERSION = YES;
				GCC_WARN_ABOUT_RETURN_TYPE = YES_ERROR;
				GCC_WARN_UNDECLARED_SELECTOR = YES;
				GCC_WARN_UNINITIALIZED_AUTOS = YES_AGGRESSIVE;
				GCC_WARN_UNUSED_FUNCTION = YES;
				GCC_WARN_UNUSED_VARIABLE = YES;
				IPHONEOS_DEPLOYMENT_TARGET = 16.2;
				MTL_ENABLE_DEBUG_INFO = INCLUDE_SOURCE;
				MTL_FAST_MATH = YES;
				ONLY_ACTIVE_ARCH = YES;
				SDKROOT = iphoneos;
				SWIFT_ACTIVE_COMPILATION_CONDITIONS = DEBUG;
				SWIFT_OPTIMIZATION_LEVEL = "-Onone";
			};
			name = Debug;
		};
		A05137A229AFB73700BE9A5E /* Release */ = {
			isa = XCBuildConfiguration;
			buildSettings = {
				ALWAYS_SEARCH_USER_PATHS = NO;
				CLANG_ANALYZER_NONNULL = YES;
				CLANG_ANALYZER_NUMBER_OBJECT_CONVERSION = YES_AGGRESSIVE;
				CLANG_CXX_LANGUAGE_STANDARD = "gnu++20";
				CLANG_ENABLE_MODULES = YES;
				CLANG_ENABLE_OBJC_ARC = YES;
				CLANG_ENABLE_OBJC_WEAK = YES;
				CLANG_WARN_BLOCK_CAPTURE_AUTORELEASING = YES;
				CLANG_WARN_BOOL_CONVERSION = YES;
				CLANG_WARN_COMMA = YES;
				CLANG_WARN_CONSTANT_CONVERSION = YES;
				CLANG_WARN_DEPRECATED_OBJC_IMPLEMENTATIONS = YES;
				CLANG_WARN_DIRECT_OBJC_ISA_USAGE = YES_ERROR;
				CLANG_WARN_DOCUMENTATION_COMMENTS = YES;
				CLANG_WARN_EMPTY_BODY = YES;
				CLANG_WARN_ENUM_CONVERSION = YES;
				CLANG_WARN_INFINITE_RECURSION = YES;
				CLANG_WARN_INT_CONVERSION = YES;
				CLANG_WARN_NON_LITERAL_NULL_CONVERSION = YES;
				CLANG_WARN_OBJC_IMPLICIT_RETAIN_SELF = YES;
				CLANG_WARN_OBJC_LITERAL_CONVERSION = YES;
				CLANG_WARN_OBJC_ROOT_CLASS = YES_ERROR;
				CLANG_WARN_QUOTED_INCLUDE_IN_FRAMEWORK_HEADER = YES;
				CLANG_WARN_RANGE_LOOP_ANALYSIS = YES;
				CLANG_WARN_STRICT_PROTOTYPES = YES;
				CLANG_WARN_SUSPICIOUS_MOVE = YES;
				CLANG_WARN_UNGUARDED_AVAILABILITY = YES_AGGRESSIVE;
				CLANG_WARN_UNREACHABLE_CODE = YES;
				CLANG_WARN__DUPLICATE_METHOD_MATCH = YES;
				COPY_PHASE_STRIP = NO;
				DEBUG_INFORMATION_FORMAT = "dwarf-with-dsym";
				ENABLE_NS_ASSERTIONS = NO;
				ENABLE_STRICT_OBJC_MSGSEND = YES;
				GCC_C_LANGUAGE_STANDARD = gnu11;
				GCC_NO_COMMON_BLOCKS = YES;
				GCC_WARN_64_TO_32_BIT_CONVERSION = YES;
				GCC_WARN_ABOUT_RETURN_TYPE = YES_ERROR;
				GCC_WARN_UNDECLARED_SELECTOR = YES;
				GCC_WARN_UNINITIALIZED_AUTOS = YES_AGGRESSIVE;
				GCC_WARN_UNUSED_FUNCTION = YES;
				GCC_WARN_UNUSED_VARIABLE = YES;
				IPHONEOS_DEPLOYMENT_TARGET = 16.2;
				MTL_ENABLE_DEBUG_INFO = NO;
				MTL_FAST_MATH = YES;
				SDKROOT = iphoneos;
				SWIFT_COMPILATION_MODE = wholemodule;
				SWIFT_OPTIMIZATION_LEVEL = "-O";
				VALIDATE_PRODUCT = YES;
			};
			name = Release;
		};
		A05137A429AFB73700BE9A5E /* Debug */ = {
			isa = XCBuildConfiguration;
			baseConfigurationReference = 4E3E9B519B63273664EF9884 /* Pods-MQTTClient.debug.xcconfig */;
			buildSettings = {
				ASSETCATALOG_COMPILER_APPICON_NAME = AppIcon;
				ASSETCATALOG_COMPILER_GLOBAL_ACCENT_COLOR_NAME = AccentColor;
				CODE_SIGN_STYLE = Automatic;
				CURRENT_PROJECT_VERSION = 1;
				DEVELOPMENT_TEAM = V57K6D8W6N;
				GENERATE_INFOPLIST_FILE = YES;
				INFOPLIST_FILE = MQTTClient/Info.plist;
				INFOPLIST_KEY_UIApplicationSupportsIndirectInputEvents = YES;
				INFOPLIST_KEY_UILaunchStoryboardName = LaunchScreen;
				INFOPLIST_KEY_UISupportedInterfaceOrientations_iPad = "UIInterfaceOrientationPortrait UIInterfaceOrientationPortraitUpsideDown UIInterfaceOrientationLandscapeLeft UIInterfaceOrientationLandscapeRight";
				INFOPLIST_KEY_UISupportedInterfaceOrientations_iPhone = "UIInterfaceOrientationPortrait UIInterfaceOrientationLandscapeLeft UIInterfaceOrientationLandscapeRight";
				LD_RUNPATH_SEARCH_PATHS = (
					"$(inherited)",
					"@executable_path/Frameworks",
				);
				MARKETING_VERSION = 1.0;
				PRODUCT_BUNDLE_IDENTIFIER = ru.vsevond.MQTTClient;
				PRODUCT_NAME = "$(TARGET_NAME)";
				SWIFT_EMIT_LOC_STRINGS = YES;
				SWIFT_VERSION = 5.0;
				TARGETED_DEVICE_FAMILY = "1,2";
			};
			name = Debug;
		};
		A05137A529AFB73700BE9A5E /* Release */ = {
			isa = XCBuildConfiguration;
			baseConfigurationReference = EBAD8DC3BAF64870EA648F03 /* Pods-MQTTClient.release.xcconfig */;
			buildSettings = {
				ASSETCATALOG_COMPILER_APPICON_NAME = AppIcon;
				ASSETCATALOG_COMPILER_GLOBAL_ACCENT_COLOR_NAME = AccentColor;
				CODE_SIGN_STYLE = Automatic;
				CURRENT_PROJECT_VERSION = 1;
				DEVELOPMENT_TEAM = V57K6D8W6N;
				GENERATE_INFOPLIST_FILE = YES;
				INFOPLIST_FILE = MQTTClient/Info.plist;
				INFOPLIST_KEY_UIApplicationSupportsIndirectInputEvents = YES;
				INFOPLIST_KEY_UILaunchStoryboardName = LaunchScreen;
				INFOPLIST_KEY_UISupportedInterfaceOrientations_iPad = "UIInterfaceOrientationPortrait UIInterfaceOrientationPortraitUpsideDown UIInterfaceOrientationLandscapeLeft UIInterfaceOrientationLandscapeRight";
				INFOPLIST_KEY_UISupportedInterfaceOrientations_iPhone = "UIInterfaceOrientationPortrait UIInterfaceOrientationLandscapeLeft UIInterfaceOrientationLandscapeRight";
				LD_RUNPATH_SEARCH_PATHS = (
					"$(inherited)",
					"@executable_path/Frameworks",
				);
				MARKETING_VERSION = 1.0;
				PRODUCT_BUNDLE_IDENTIFIER = ru.vsevond.MQTTClient;
				PRODUCT_NAME = "$(TARGET_NAME)";
				SWIFT_EMIT_LOC_STRINGS = YES;
				SWIFT_VERSION = 5.0;
				TARGETED_DEVICE_FAMILY = "1,2";
			};
			name = Release;
		};
/* End XCBuildConfiguration section */

/* Begin XCConfigurationList section */
		A051378A29AFB73600BE9A5E /* Build configuration list for PBXProject "MQTTClient" */ = {
			isa = XCConfigurationList;
			buildConfigurations = (
				A05137A129AFB73700BE9A5E /* Debug */,
				A05137A229AFB73700BE9A5E /* Release */,
			);
			defaultConfigurationIsVisible = 0;
			defaultConfigurationName = Release;
		};
		A05137A329AFB73700BE9A5E /* Build configuration list for PBXNativeTarget "MQTTClient" */ = {
			isa = XCConfigurationList;
			buildConfigurations = (
				A05137A429AFB73700BE9A5E /* Debug */,
				A05137A529AFB73700BE9A5E /* Release */,
			);
			defaultConfigurationIsVisible = 0;
			defaultConfigurationName = Release;
		};
/* End XCConfigurationList section */

/* Begin XCRemoteSwiftPackageReference section */
		A05137A629AFD06300BE9A5E /* XCRemoteSwiftPackageReference "PinLayout" */ = {
			isa = XCRemoteSwiftPackageReference;
			repositoryURL = "https://github.com/layoutBox/PinLayout.git";
			requirement = {
				branch = master;
				kind = branch;
			};
		};
/* End XCRemoteSwiftPackageReference section */

/* Begin XCSwiftPackageProductDependency section */
		A05137A729AFD06300BE9A5E /* PinLayout */ = {
			isa = XCSwiftPackageProductDependency;
			package = A05137A629AFD06300BE9A5E /* XCRemoteSwiftPackageReference "PinLayout" */;
			productName = PinLayout;
		};
/* End XCSwiftPackageProductDependency section */
	};
	rootObject = A051378729AFB73600BE9A5E /* Project object */;
}
